// !$*UTF8*$!
{
	archiveVersion = 1;
	classes = {
	};
	objectVersion = 46;
	objects = {

/* Begin PBXBuildFile section */
		89993D961C3FAD910099AC14 /* AppDelegate.swift in Sources */ = {isa = PBXBuildFile; fileRef = 89993D951C3FAD910099AC14 /* AppDelegate.swift */; };
		89993D981C3FAD910099AC14 /* ViewController.swift in Sources */ = {isa = PBXBuildFile; fileRef = 89993D971C3FAD910099AC14 /* ViewController.swift */; };
		89993D9B1C3FAD910099AC14 /* Main.storyboard in Resources */ = {isa = PBXBuildFile; fileRef = 89993D991C3FAD910099AC14 /* Main.storyboard */; };
		89993D9D1C3FAD910099AC14 /* Assets.xcassets in Resources */ = {isa = PBXBuildFile; fileRef = 89993D9C1C3FAD910099AC14 /* Assets.xcassets */; };
		89993DA01C3FAD910099AC14 /* LaunchScreen.storyboard in Resources */ = {isa = PBXBuildFile; fileRef = 89993D9E1C3FAD910099AC14 /* LaunchScreen.storyboard */; };
		89CA98A21C4E412200C74EF9 /* CountdownLabel.framework in Frameworks */ = {isa = PBXBuildFile; fileRef = 89CA989B1C4E3C5B00C74EF9 /* CountdownLabel.framework */; };
/* End PBXBuildFile section */

/* Begin PBXContainerItemProxy section */
		89993DA71C3FAD920099AC14 /* PBXContainerItemProxy */ = {
			isa = PBXContainerItemProxy;
			containerPortal = 89993D8A1C3FAD910099AC14 /* Project object */;
			proxyType = 1;
			remoteGlobalIDString = 89993D911C3FAD910099AC14;
			remoteInfo = CountdownLabelExample;
		};
		8999B52B1C4F300300C46F10 /* PBXContainerItemProxy */ = {
			isa = PBXContainerItemProxy;
			containerPortal = 89993DB71C3FAE1C0099AC14 /* CountdownLabel.xcodeproj */;
			proxyType = 2;
			remoteGlobalIDString = 8999B51B1C4F2F7200C46F10;
			remoteInfo = CountdownLabelTests;
		};
		89CA989A1C4E3C5B00C74EF9 /* PBXContainerItemProxy */ = {
			isa = PBXContainerItemProxy;
			containerPortal = 89993DB71C3FAE1C0099AC14 /* CountdownLabel.xcodeproj */;
			proxyType = 2;
			remoteGlobalIDString = 892106D01C3CF4140007CDEC;
			remoteInfo = CountdownLabel;
		};
/* End PBXContainerItemProxy section */

/* Begin PBXFileReference section */
		89993D921C3FAD910099AC14 /* CountdownLabelExample.app */ = {isa = PBXFileReference; explicitFileType = wrapper.application; includeInIndex = 0; path = CountdownLabelExample.app; sourceTree = BUILT_PRODUCTS_DIR; };
		89993D951C3FAD910099AC14 /* AppDelegate.swift */ = {isa = PBXFileReference; lastKnownFileType = sourcecode.swift; path = AppDelegate.swift; sourceTree = "<group>"; };
		89993D971C3FAD910099AC14 /* ViewController.swift */ = {isa = PBXFileReference; lastKnownFileType = sourcecode.swift; path = ViewController.swift; sourceTree = "<group>"; };
		89993D9A1C3FAD910099AC14 /* Base */ = {isa = PBXFileReference; lastKnownFileType = file.storyboard; name = Base; path = Base.lproj/Main.storyboard; sourceTree = "<group>"; };
		89993D9C1C3FAD910099AC14 /* Assets.xcassets */ = {isa = PBXFileReference; lastKnownFileType = folder.assetcatalog; path = Assets.xcassets; sourceTree = "<group>"; };
		89993D9F1C3FAD910099AC14 /* Base */ = {isa = PBXFileReference; lastKnownFileType = file.storyboard; name = Base; path = Base.lproj/LaunchScreen.storyboard; sourceTree = "<group>"; };
		89993DA11C3FAD910099AC14 /* Info.plist */ = {isa = PBXFileReference; lastKnownFileType = text.plist.xml; path = Info.plist; sourceTree = "<group>"; };
		89993DA61C3FAD920099AC14 /* CountdownLabelExample.xctest */ = {isa = PBXFileReference; explicitFileType = wrapper.cfbundle; includeInIndex = 0; path = CountdownLabelExample.xctest; sourceTree = BUILT_PRODUCTS_DIR; };
		89993DB71C3FAE1C0099AC14 /* CountdownLabel.xcodeproj */ = {isa = PBXFileReference; lastKnownFileType = "wrapper.pb-project"; name = CountdownLabel.xcodeproj; path = ../CountdownLabel.xcodeproj; sourceTree = "<group>"; };
/* End PBXFileReference section */

/* Begin PBXFrameworksBuildPhase section */
		89993D8F1C3FAD910099AC14 /* Frameworks */ = {
			isa = PBXFrameworksBuildPhase;
			buildActionMask = 2147483647;
			files = (
				89CA98A21C4E412200C74EF9 /* CountdownLabel.framework in Frameworks */,
			);
			runOnlyForDeploymentPostprocessing = 0;
		};
		89993DA31C3FAD920099AC14 /* Frameworks */ = {
			isa = PBXFrameworksBuildPhase;
			buildActionMask = 2147483647;
			files = (
			);
			runOnlyForDeploymentPostprocessing = 0;
		};
/* End PBXFrameworksBuildPhase section */

/* Begin PBXGroup section */
		89993D891C3FAD910099AC14 = {
			isa = PBXGroup;
			children = (
				89993DB71C3FAE1C0099AC14 /* CountdownLabel.xcodeproj */,
				89993D941C3FAD910099AC14 /* CountdownLabelExample */,
				89993D931C3FAD910099AC14 /* Products */,
			);
			sourceTree = "<group>";
		};
		89993D931C3FAD910099AC14 /* Products */ = {
			isa = PBXGroup;
			children = (
				89993D921C3FAD910099AC14 /* CountdownLabelExample.app */,
				89993DA61C3FAD920099AC14 /* CountdownLabelExample.xctest */,
			);
			name = Products;
			sourceTree = "<group>";
		};
		89993D941C3FAD910099AC14 /* CountdownLabelExample */ = {
			isa = PBXGroup;
			children = (
				89993D951C3FAD910099AC14 /* AppDelegate.swift */,
				89993D971C3FAD910099AC14 /* ViewController.swift */,
				89993D991C3FAD910099AC14 /* Main.storyboard */,
				89993D9C1C3FAD910099AC14 /* Assets.xcassets */,
				89993D9E1C3FAD910099AC14 /* LaunchScreen.storyboard */,
				89993DA11C3FAD910099AC14 /* Info.plist */,
			);
			path = CountdownLabelExample;
			sourceTree = "<group>";
		};
		89CA98971C4E3C5B00C74EF9 /* Products */ = {
			isa = PBXGroup;
			children = (
				89CA989B1C4E3C5B00C74EF9 /* CountdownLabel.framework */,
				8999B52C1C4F300300C46F10 /* CountdownLabelTests.xctest */,
			);
			name = Products;
			sourceTree = "<group>";
		};
/* End PBXGroup section */

/* Begin PBXNativeTarget section */
		89993D911C3FAD910099AC14 /* CountdownLabelExample */ = {
			isa = PBXNativeTarget;
			buildConfigurationList = 89993DAF1C3FAD920099AC14 /* Build configuration list for PBXNativeTarget "CountdownLabelExample" */;
			buildPhases = (
				89993D8E1C3FAD910099AC14 /* Sources */,
				89993D8F1C3FAD910099AC14 /* Frameworks */,
				89993D901C3FAD910099AC14 /* Resources */,
			);
			buildRules = (
			);
			dependencies = (
			);
			name = CountdownLabelExample;
			productName = CountdownLabelExample;
			productReference = 89993D921C3FAD910099AC14 /* CountdownLabelExample.app */;
			productType = "com.apple.product-type.application";
		};
		89993DA51C3FAD920099AC14 /* CountdownLabelExampleTests */ = {
			isa = PBXNativeTarget;
			buildConfigurationList = 89993DB21C3FAD920099AC14 /* Build configuration list for PBXNativeTarget "CountdownLabelExampleTests" */;
			buildPhases = (
				89993DA21C3FAD920099AC14 /* Sources */,
				89993DA31C3FAD920099AC14 /* Frameworks */,
				89993DA41C3FAD920099AC14 /* Resources */,
			);
			buildRules = (
			);
			dependencies = (
				89993DA81C3FAD920099AC14 /* PBXTargetDependency */,
			);
			name = CountdownLabelExampleTests;
			productName = CountdownLabelExampleTests;
			productReference = 89993DA61C3FAD920099AC14 /* CountdownLabelExample.xctest */;
			productType = "com.apple.product-type.bundle.unit-test";
		};
/* End PBXNativeTarget section */

/* Begin PBXProject section */
		89993D8A1C3FAD910099AC14 /* Project object */ = {
			isa = PBXProject;
			attributes = {
				LastSwiftUpdateCheck = 0720;
				LastUpgradeCheck = 0830;
				ORGANIZATIONNAME = suzuki_keishi;
				TargetAttributes = {
					89993D911C3FAD910099AC14 = {
						CreatedOnToolsVersion = 7.2;
						LastSwiftMigration = 0830;
					};
					89993DA51C3FAD920099AC14 = {
						CreatedOnToolsVersion = 7.2;
						TestTargetID = 89993D911C3FAD910099AC14;
					};
				};
			};
			buildConfigurationList = 89993D8D1C3FAD910099AC14 /* Build configuration list for PBXProject "CountdownLabelExample" */;
			compatibilityVersion = "Xcode 3.2";
			developmentRegion = English;
			hasScannedForEncodings = 0;
			knownRegions = (
				en,
				Base,
			);
			mainGroup = 89993D891C3FAD910099AC14;
			productRefGroup = 89993D931C3FAD910099AC14 /* Products */;
			projectDirPath = "";
			projectReferences = (
				{
					ProductGroup = 89CA98971C4E3C5B00C74EF9 /* Products */;
					ProjectRef = 89993DB71C3FAE1C0099AC14 /* CountdownLabel.xcodeproj */;
				},
			);
			projectRoot = "";
			targets = (
				89993D911C3FAD910099AC14 /* CountdownLabelExample */,
				89993DA51C3FAD920099AC14 /* CountdownLabelExampleTests */,
			);
		};
/* End PBXProject section */

/* Begin PBXReferenceProxy section */
		8999B52C1C4F300300C46F10 /* CountdownLabelTests.xctest */ = {
			isa = PBXReferenceProxy;
			fileType = wrapper.cfbundle;
			path = CountdownLabelTests.xctest;
			remoteRef = 8999B52B1C4F300300C46F10 /* PBXContainerItemProxy */;
			sourceTree = BUILT_PRODUCTS_DIR;
		};
		89CA989B1C4E3C5B00C74EF9 /* CountdownLabel.framework */ = {
			isa = PBXReferenceProxy;
			fileType = wrapper.framework;
			path = CountdownLabel.framework;
			remoteRef = 89CA989A1C4E3C5B00C74EF9 /* PBXContainerItemProxy */;
			sourceTree = BUILT_PRODUCTS_DIR;
		};
/* End PBXReferenceProxy section */

/* Begin PBXResourcesBuildPhase section */
		89993D901C3FAD910099AC14 /* Resources */ = {
			isa = PBXResourcesBuildPhase;
			buildActionMask = 2147483647;
			files = (
				89993DA01C3FAD910099AC14 /* LaunchScreen.storyboard in Resources */,
				89993D9D1C3FAD910099AC14 /* Assets.xcassets in Resources */,
				89993D9B1C3FAD910099AC14 /* Main.storyboard in Resources */,
			);
			runOnlyForDeploymentPostprocessing = 0;
		};
		89993DA41C3FAD920099AC14 /* Resources */ = {
			isa = PBXResourcesBuildPhase;
			buildActionMask = 2147483647;
			files = (
			);
			runOnlyForDeploymentPostprocessing = 0;
		};
/* End PBXResourcesBuildPhase section */

/* Begin PBXSourcesBuildPhase section */
		89993D8E1C3FAD910099AC14 /* Sources */ = {
			isa = PBXSourcesBuildPhase;
			buildActionMask = 2147483647;
			files = (
				89993D981C3FAD910099AC14 /* ViewController.swift in Sources */,
				89993D961C3FAD910099AC14 /* AppDelegate.swift in Sources */,
			);
			runOnlyForDeploymentPostprocessing = 0;
		};
		89993DA21C3FAD920099AC14 /* Sources */ = {
			isa = PBXSourcesBuildPhase;
			buildActionMask = 2147483647;
			files = (
			);
			runOnlyForDeploymentPostprocessing = 0;
		};
/* End PBXSourcesBuildPhase section */

/* Begin PBXTargetDependency section */
		89993DA81C3FAD920099AC14 /* PBXTargetDependency */ = {
			isa = PBXTargetDependency;
			target = 89993D911C3FAD910099AC14 /* CountdownLabelExample */;
			targetProxy = 89993DA71C3FAD920099AC14 /* PBXContainerItemProxy */;
		};
/* End PBXTargetDependency section */

/* Begin PBXVariantGroup section */
		89993D991C3FAD910099AC14 /* Main.storyboard */ = {
			isa = PBXVariantGroup;
			children = (
				89993D9A1C3FAD910099AC14 /* Base */,
			);
			name = Main.storyboard;
			sourceTree = "<group>";
		};
		89993D9E1C3FAD910099AC14 /* LaunchScreen.storyboard */ = {
			isa = PBXVariantGroup;
			children = (
				89993D9F1C3FAD910099AC14 /* Base */,
			);
			name = LaunchScreen.storyboard;
			sourceTree = "<group>";
		};
/* End PBXVariantGroup section */

/* Begin XCBuildConfiguration section */
		89993DAD1C3FAD920099AC14 /* Debug */ = {
			isa = XCBuildConfiguration;
			buildSettings = {
				ALWAYS_SEARCH_USER_PATHS = NO;
				CLANG_CXX_LANGUAGE_STANDARD = "gnu++0x";
				CLANG_CXX_LIBRARY = "libc++";
				CLANG_ENABLE_MODULES = YES;
				CLANG_ENABLE_OBJC_ARC = YES;
				CLANG_WARN_BOOL_CONVERSION = YES;
				CLANG_WARN_CONSTANT_CONVERSION = YES;
				CLANG_WARN_DIRECT_OBJC_ISA_USAGE = YES_ERROR;
				CLANG_WARN_EMPTY_BODY = YES;
				CLANG_WARN_ENUM_CONVERSION = YES;
				CLANG_WARN_INFINITE_RECURSION = YES;
				CLANG_WARN_INT_CONVERSION = YES;
				CLANG_WARN_OBJC_ROOT_CLASS = YES_ERROR;
				CLANG_WARN_SUSPICIOUS_MOVE = YES;
				CLANG_WARN_UNREACHABLE_CODE = YES;
				CLANG_WARN__DUPLICATE_METHOD_MATCH = YES;
				"CODE_SIGN_IDENTITY[sdk=iphoneos*]" = "iPhone Developer";
				COPY_PHASE_STRIP = NO;
				DEBUG_INFORMATION_FORMAT = dwarf;
				ENABLE_STRICT_OBJC_MSGSEND = YES;
				ENABLE_TESTABILITY = YES;
				GCC_C_LANGUAGE_STANDARD = gnu99;
				GCC_DYNAMIC_NO_PIC = NO;
				GCC_NO_COMMON_BLOCKS = YES;
				GCC_OPTIMIZATION_LEVEL = 0;
				GCC_PREPROCESSOR_DEFINITIONS = (
					"DEBUG=1",
					"$(inherited)",
				);
				GCC_WARN_64_TO_32_BIT_CONVERSION = YES;
				GCC_WARN_ABOUT_RETURN_TYPE = YES_ERROR;
				GCC_WARN_UNDECLARED_SELECTOR = YES;
				GCC_WARN_UNINITIALIZED_AUTOS = YES_AGGRESSIVE;
				GCC_WARN_UNUSED_FUNCTION = YES;
				GCC_WARN_UNUSED_VARIABLE = YES;
				IPHONEOS_DEPLOYMENT_TARGET = 8.4;
				MTL_ENABLE_DEBUG_INFO = YES;
				ONLY_ACTIVE_ARCH = YES;
				SDKROOT = iphoneos;
				SWIFT_OPTIMIZATION_LEVEL = "-Onone";
				TARGETED_DEVICE_FAMILY = "1,2";
			};
			name = Debug;
		};
		89993DAE1C3FAD920099AC14 /* Release */ = {
			isa = XCBuildConfiguration;
			buildSettings = {
				ALWAYS_SEARCH_USER_PATHS = NO;
				CLANG_CXX_LANGUAGE_STANDARD = "gnu++0x";
				CLANG_CXX_LIBRARY = "libc++";
				CLANG_ENABLE_MODULES = YES;
				CLANG_ENABLE_OBJC_ARC = YES;
				CLANG_WARN_BOOL_CONVERSION = YES;
				CLANG_WARN_CONSTANT_CONVERSION = YES;
				CLANG_WARN_DIRECT_OBJC_ISA_USAGE = YES_ERROR;
				CLANG_WARN_EMPTY_BODY = YES;
				CLANG_WARN_ENUM_CONVERSION = YES;
				CLANG_WARN_INFINITE_RECURSION = YES;
				CLANG_WARN_INT_CONVERSION = YES;
				CLANG_WARN_OBJC_ROOT_CLASS = YES_ERROR;
				CLANG_WARN_SUSPICIOUS_MOVE = YES;
				CLANG_WARN_UNREACHABLE_CODE = YES;
				CLANG_WARN__DUPLICATE_METHOD_MATCH = YES;
				"CODE_SIGN_IDENTITY[sdk=iphoneos*]" = "iPhone Developer";
				COPY_PHASE_STRIP = NO;
				DEBUG_INFORMATION_FORMAT = "dwarf-with-dsym";
				ENABLE_NS_ASSERTIONS = NO;
				ENABLE_STRICT_OBJC_MSGSEND = YES;
				GCC_C_LANGUAGE_STANDARD = gnu99;
				GCC_NO_COMMON_BLOCKS = YES;
				GCC_WARN_64_TO_32_BIT_CONVERSION = YES;
				GCC_WARN_ABOUT_RETURN_TYPE = YES_ERROR;
				GCC_WARN_UNDECLARED_SELECTOR = YES;
				GCC_WARN_UNINITIALIZED_AUTOS = YES_AGGRESSIVE;
				GCC_WARN_UNUSED_FUNCTION = YES;
				GCC_WARN_UNUSED_VARIABLE = YES;
				IPHONEOS_DEPLOYMENT_TARGET = 8.4;
				MTL_ENABLE_DEBUG_INFO = NO;
				SDKROOT = iphoneos;
				SWIFT_OPTIMIZATION_LEVEL = "-Owholemodule";
				TARGETED_DEVICE_FAMILY = "1,2";
				VALIDATE_PRODUCT = YES;
			};
			name = Release;
		};
		89993DB01C3FAD920099AC14 /* Debug */ = {
			isa = XCBuildConfiguration;
			buildSettings = {
				ASSETCATALOG_COMPILER_APPICON_NAME = AppIcon;
				INFOPLIST_FILE = CountdownLabelExample/Info.plist;
				IPHONEOS_DEPLOYMENT_TARGET = 9.0;
				LD_RUNPATH_SEARCH_PATHS = "$(inherited) @executable_path/Frameworks";
				PRODUCT_BUNDLE_IDENTIFIER = com.keishi.suzuki.CountdownLabelExample;
				PRODUCT_NAME = CountdownLabelExample;
				SWIFT_VERSION = 4.0;
			};
			name = Debug;
		};
		89993DB11C3FAD920099AC14 /* Release */ = {
			isa = XCBuildConfiguration;
			buildSettings = {
				ASSETCATALOG_COMPILER_APPICON_NAME = AppIcon;
				INFOPLIST_FILE = CountdownLabelExample/Info.plist;
				IPHONEOS_DEPLOYMENT_TARGET = 9.0;
				LD_RUNPATH_SEARCH_PATHS = "$(inherited) @executable_path/Frameworks";
				PRODUCT_BUNDLE_IDENTIFIER = com.keishi.suzuki.CountdownLabelExample;
				PRODUCT_NAME = CountdownLabelExample;
				SWIFT_VERSION = 4.0;
			};
			name = Release;
		};
		89993DB31C3FAD920099AC14 /* Debug */ = {
			isa = XCBuildConfiguration;
			buildSettings = {
				BUNDLE_LOADER = "$(TEST_HOST)";
				INFOPLIST_FILE = CountdownLabelExampleTests/Info.plist;
				LD_RUNPATH_SEARCH_PATHS = "$(inherited) @executable_path/Frameworks @loader_path/Frameworks";
				PRODUCT_BUNDLE_IDENTIFIER = com.keishi.suzuki.CountdownLabelExampleTests;
				PRODUCT_NAME = CountdownLabelExample;
				TEST_HOST = "$(BUILT_PRODUCTS_DIR)/CountdownLabelExample.app/CountdownLabelExample";
			};
			name = Debug;
		};
		89993DB41C3FAD920099AC14 /* Release */ = {
			isa = XCBuildConfiguration;
			buildSettings = {
				BUNDLE_LOADER = "$(TEST_HOST)";
				INFOPLIST_FILE = CountdownLabelExampleTests/Info.plist;
				LD_RUNPATH_SEARCH_PATHS = "$(inherited) @executable_path/Frameworks @loader_path/Frameworks";
				PRODUCT_BUNDLE_IDENTIFIER = com.keishi.suzuki.CountdownLabelExampleTests;
				PRODUCT_NAME = CountdownLabelExample;
				TEST_HOST = "$(BUILT_PRODUCTS_DIR)/CountdownLabelExample.app/CountdownLabelExample";
			};
			name = Release;
		};
/* End XCBuildConfiguration section */

/* Begin XCConfigurationList section */
		89993D8D1C3FAD910099AC14 /* Build configuration list for PBXProject "CountdownLabelExample" */ = {
			isa = XCConfigurationList;
			buildConfigurations = (
				89993DAD1C3FAD920099AC14 /* Debug */,
				89993DAE1C3FAD920099AC14 /* Release */,
			);
			defaultConfigurationIsVisible = 0;
			defaultConfigurationName = Release;
		};
		89993DAF1C3FAD920099AC14 /* Build configuration list for PBXNativeTarget "CountdownLabelExample" */ = {
			isa = XCConfigurationList;
			buildConfigurations = (
				89993DB01C3FAD920099AC14 /* Debug */,
				89993DB11C3FAD920099AC14 /* Release */,
			);
			defaultConfigurationIsVisible = 0;
			defaultConfigurationName = Release;
		};
		89993DB21C3FAD920099AC14 /* Build configuration list for PBXNativeTarget "CountdownLabelExampleTests" */ = {
			isa = XCConfigurationList;
			buildConfigurations = (
				89993DB31C3FAD920099AC14 /* Debug */,
				89993DB41C3FAD920099AC14 /* Release */,
			);
			defaultConfigurationIsVisible = 0;
			defaultConfigurationName = Release;
		};
/* End XCConfigurationList section */
	};
	rootObject = 89993D8A1C3FAD910099AC14 /* Project object */;
}
